
Microsoft Visual Studio Solution File, Format Version 12.00
# Visual Studio 15
VisualStudioVersion = 15.0.27130.0
MinimumVisualStudioVersion = 10.0.40219.1
Project("{FAE04EC0-301F-11D3-BF4B-00C04F79EFBC}") = "StaticFactoryCoupling", "StaticFactoryCoupling\StaticFactoryCoupling.csproj", "{D7651E03-F968-4758-B523-FC2CDCF40F61}"
EndProject
Global
	GlobalSection(SolutionConfigurationPlatforms) = preSolution
		Debug|Any CPU = Debug|Any CPU
		Release|Any CPU = Release|Any CPU
	EndGlobalSection
	GlobalSection(ProjectConfigurationPlatforms) = postSolution
		{D7651E03-F968-4758-B523-FC2CDCF40F61}.Debug|Any CPU.ActiveCfg = Debug|Any CPU
		{D7651E03-F968-4758-B523-FC2CDCF40F61}.Debug|Any CPU.Build.0 = Debug|Any CPU
		{D7651E03-F968-4758-B523-FC2CDCF40F61}.Release|Any CPU.ActiveCfg = Release|Any CPU
		{D7651E03-F968-4758-B523-FC2CDCF40F61}.Release|Any CPU.Build.0 = Release|Any CPU
	EndGlobalSection
	GlobalSection(SolutionProperties) = preSolution
		HideSolutionNode = FALSE
	EndGlobalSection
	GlobalSection(ExtensibilityGlobals) = postSolution
		SolutionGuid = {B56249F7-02DC-40F9-8BAB-B3364FB4AFE5}
	EndGlobalSection
EndGlobal
